// !$*UTF8*$!
{
	archiveVersion = 1;
	classes = {
	};
	objectVersion = 50;
	objects = {

/* Begin PBXBuildFile section */
		041E066C24D39FA400796AAA /* CacheManager.swift in Sources */ = {isa = PBXBuildFile; fileRef = 041E066B24D39FA400796AAA /* CacheManager.swift */; };
		046C885124C792150009EC79 /* AppDelegate.swift in Sources */ = {isa = PBXBuildFile; fileRef = 046C885024C792150009EC79 /* AppDelegate.swift */; };
		046C885324C792150009EC79 /* SceneDelegate.swift in Sources */ = {isa = PBXBuildFile; fileRef = 046C885224C792150009EC79 /* SceneDelegate.swift */; };
		046C885524C792150009EC79 /* ViewController.swift in Sources */ = {isa = PBXBuildFile; fileRef = 046C885424C792150009EC79 /* ViewController.swift */; };
		046C885824C792150009EC79 /* Main.storyboard in Resources */ = {isa = PBXBuildFile; fileRef = 046C885624C792150009EC79 /* Main.storyboard */; };
		046C885A24C792170009EC79 /* Assets.xcassets in Resources */ = {isa = PBXBuildFile; fileRef = 046C885924C792170009EC79 /* Assets.xcassets */; };
		046C885D24C792170009EC79 /* LaunchScreen.storyboard in Resources */ = {isa = PBXBuildFile; fileRef = 046C885B24C792170009EC79 /* LaunchScreen.storyboard */; };
		0498290C24C879F90051BC3C /* Constants.swift in Sources */ = {isa = PBXBuildFile; fileRef = 0498290B24C879F90051BC3C /* Constants.swift */; };
		0498290E24C87FD10051BC3C /* Video.swift in Sources */ = {isa = PBXBuildFile; fileRef = 0498290D24C87FD10051BC3C /* Video.swift */; };
		0498291024C880610051BC3C /*  Model.swift in Sources */ = {isa = PBXBuildFile; fileRef = 0498290F24C880610051BC3C /*  Model.swift */; };
		0498291224C896A80051BC3C /* Response.swift in Sources */ = {isa = PBXBuildFile; fileRef = 0498291124C896A80051BC3C /* Response.swift */; };
		04ADB12F24D379E3002D49B2 /* videoTableViewCell.swift in Sources */ = {isa = PBXBuildFile; fileRef = 04ADB12E24D379E3002D49B2 /* videoTableViewCell.swift */; };
/* End PBXBuildFile section */

/* Begin PBXFileReference section */
		041E066B24D39FA400796AAA /* CacheManager.swift */ = {isa = PBXFileReference; lastKnownFileType = sourcecode.swift; path = CacheManager.swift; sourceTree = "<group>"; };
		046C884D24C792150009EC79 /* youtube-onedaybuild.app */ = {isa = PBXFileReference; explicitFileType = wrapper.application; includeInIndex = 0; path = "youtube-onedaybuild.app"; sourceTree = BUILT_PRODUCTS_DIR; };
		046C885024C792150009EC79 /* AppDelegate.swift */ = {isa = PBXFileReference; lastKnownFileType = sourcecode.swift; path = AppDelegate.swift; sourceTree = "<group>"; };
		046C885224C792150009EC79 /* SceneDelegate.swift */ = {isa = PBXFileReference; lastKnownFileType = sourcecode.swift; path = SceneDelegate.swift; sourceTree = "<group>"; };
		046C885424C792150009EC79 /* ViewController.swift */ = {isa = PBXFileReference; lastKnownFileType = sourcecode.swift; path = ViewController.swift; sourceTree = "<group>"; };
		046C885724C792150009EC79 /* Base */ = {isa = PBXFileReference; lastKnownFileType = file.storyboard; name = Base; path = Base.lproj/Main.storyboard; sourceTree = "<group>"; };
		046C885924C792170009EC79 /* Assets.xcassets */ = {isa = PBXFileReference; lastKnownFileType = folder.assetcatalog; path = Assets.xcassets; sourceTree = "<group>"; };
		046C885C24C792170009EC79 /* Base */ = {isa = PBXFileReference; lastKnownFileType = file.storyboard; name = Base; path = Base.lproj/LaunchScreen.storyboard; sourceTree = "<group>"; };
		046C885E24C792170009EC79 /* Info.plist */ = {isa = PBXFileReference; lastKnownFileType = text.plist.xml; path = Info.plist; sourceTree = "<group>"; };
		0498290B24C879F90051BC3C /* Constants.swift */ = {isa = PBXFileReference; lastKnownFileType = sourcecode.swift; path = Constants.swift; sourceTree = "<group>"; };
		0498290D24C87FD10051BC3C /* Video.swift */ = {isa = PBXFileReference; lastKnownFileType = sourcecode.swift; path = Video.swift; sourceTree = "<group>"; };
		0498290F24C880610051BC3C /*  Model.swift */ = {isa = PBXFileReference; lastKnownFileType = sourcecode.swift; path = " Model.swift"; sourceTree = "<group>"; };
		0498291124C896A80051BC3C /* Response.swift */ = {isa = PBXFileReference; lastKnownFileType = sourcecode.swift; path = Response.swift; sourceTree = "<group>"; };
		04ADB12E24D379E3002D49B2 /* videoTableViewCell.swift */ = {isa = PBXFileReference; lastKnownFileType = sourcecode.swift; path = videoTableViewCell.swift; sourceTree = "<group>"; };
/* End PBXFileReference section */

/* Begin PBXFrameworksBuildPhase section */
		046C884A24C792150009EC79 /* Frameworks */ = {
			isa = PBXFrameworksBuildPhase;
			buildActionMask = 2147483647;
			files = (
			);
			runOnlyForDeploymentPostprocessing = 0;
		};
/* End PBXFrameworksBuildPhase section */

/* Begin PBXGroup section */
		046C884424C792150009EC79 = {
			isa = PBXGroup;
			children = (
				046C884F24C792150009EC79 /* youtube-onedaybuild */,
				046C884E24C792150009EC79 /* Products */,
			);
			sourceTree = "<group>";
		};
		046C884E24C792150009EC79 /* Products */ = {
			isa = PBXGroup;
			children = (
				046C884D24C792150009EC79 /* youtube-onedaybuild.app */,
			);
			name = Products;
			sourceTree = "<group>";
		};
		046C884F24C792150009EC79 /* youtube-onedaybuild */ = {
			isa = PBXGroup;
			children = (
				046C885024C792150009EC79 /* AppDelegate.swift */,
				046C885224C792150009EC79 /* SceneDelegate.swift */,
				04ADB13424D3875F002D49B2 /* Helpers */,
				04ADB13324D38741002D49B2 /* Storyboards */,
				04ADB13224D386FF002D49B2 /* Models */,
				04ADB13124D386F1002D49B2 /* Views */,
				04ADB13024D386DC002D49B2 /* View Controllers */,
				046C885924C792170009EC79 /* Assets.xcassets */,
				046C885E24C792170009EC79 /* Info.plist */,
			);
			path = "youtube-onedaybuild";
			sourceTree = "<group>";
		};
		04ADB13024D386DC002D49B2 /* View Controllers */ = {
			isa = PBXGroup;
			children = (
				046C885424C792150009EC79 /* ViewController.swift */,
			);
			path = "View Controllers";
			sourceTree = "<group>";
		};
		04ADB13124D386F1002D49B2 /* Views */ = {
			isa = PBXGroup;
			children = (
				04ADB12E24D379E3002D49B2 /* videoTableViewCell.swift */,
			);
			path = Views;
			sourceTree = "<group>";
		};
		04ADB13224D386FF002D49B2 /* Models */ = {
			isa = PBXGroup;
			children = (
				0498290D24C87FD10051BC3C /* Video.swift */,
				0498290F24C880610051BC3C /*  Model.swift */,
				0498291124C896A80051BC3C /* Response.swift */,
			);
			path = Models;
			sourceTree = "<group>";
		};
		04ADB13324D38741002D49B2 /* Storyboards */ = {
			isa = PBXGroup;
			children = (
				046C885624C792150009EC79 /* Main.storyboard */,
				046C885B24C792170009EC79 /* LaunchScreen.storyboard */,
			);
			path = Storyboards;
			sourceTree = "<group>";
		};
		04ADB13424D3875F002D49B2 /* Helpers */ = {
			isa = PBXGroup;
			children = (
				0498290B24C879F90051BC3C /* Constants.swift */,
				041E066B24D39FA400796AAA /* CacheManager.swift */,
			);
			path = Helpers;
			sourceTree = "<group>";
		};
/* End PBXGroup section */

/* Begin PBXNativeTarget section */
		046C884C24C792150009EC79 /* youtube-onedaybuild */ = {
			isa = PBXNativeTarget;
			buildConfigurationList = 046C886124C792170009EC79 /* Build configuration list for PBXNativeTarget "youtube-onedaybuild" */;
			buildPhases = (
				046C884924C792150009EC79 /* Sources */,
				046C884A24C792150009EC79 /* Frameworks */,
				046C884B24C792150009EC79 /* Resources */,
			);
			buildRules = (
			);
			dependencies = (
			);
			name = "youtube-onedaybuild";
			productName = "youtube-onedaybuild";
			productReference = 046C884D24C792150009EC79 /* youtube-onedaybuild.app */;
			productType = "com.apple.product-type.application";
		};
/* End PBXNativeTarget section */

/* Begin PBXProject section */
		046C884524C792150009EC79 /* Project object */ = {
			isa = PBXProject;
			attributes = {
				LastSwiftUpdateCheck = 1130;
				LastUpgradeCheck = 1130;
				ORGANIZATIONNAME = Raindas;
				TargetAttributes = {
					046C884C24C792150009EC79 = {
						CreatedOnToolsVersion = 11.3.1;
					};
				};
			};
			buildConfigurationList = 046C884824C792150009EC79 /* Build configuration list for PBXProject "youtube-onedaybuild" */;
			compatibilityVersion = "Xcode 9.3";
			developmentRegion = en;
			hasScannedForEncodings = 0;
			knownRegions = (
				en,
				Base,
			);
			mainGroup = 046C884424C792150009EC79;
			productRefGroup = 046C884E24C792150009EC79 /* Products */;
			projectDirPath = "";
			projectRoot = "";
			targets = (
				046C884C24C792150009EC79 /* youtube-onedaybuild */,
			);
		};
/* End PBXProject section */

/* Begin PBXResourcesBuildPhase section */
		046C884B24C792150009EC79 /* Resources */ = {
			isa = PBXResourcesBuildPhase;
			buildActionMask = 2147483647;
			files = (
				046C885D24C792170009EC79 /* LaunchScreen.storyboard in Resources */,
				046C885A24C792170009EC79 /* Assets.xcassets in Resources */,
				046C885824C792150009EC79 /* Main.storyboard in Resources */,
			);
			runOnlyForDeploymentPostprocessing = 0;
		};
/* End PBXResourcesBuildPhase section */

/* Begin PBXSourcesBuildPhase section */
		046C884924C792150009EC79 /* Sources */ = {
			isa = PBXSourcesBuildPhase;
			buildActionMask = 2147483647;
			files = (
				0498291024C880610051BC3C /*  Model.swift in Sources */,
				041E066C24D39FA400796AAA /* CacheManager.swift in Sources */,
				046C885524C792150009EC79 /* ViewController.swift in Sources */,
				046C885124C792150009EC79 /* AppDelegate.swift in Sources */,
				046C885324C792150009EC79 /* SceneDelegate.swift in Sources */,
				0498290C24C879F90051BC3C /* Constants.swift in Sources */,
				04ADB12F24D379E3002D49B2 /* videoTableViewCell.swift in Sources */,
				0498290E24C87FD10051BC3C /* Video.swift in Sources */,
				0498291224C896A80051BC3C /* Response.swift in Sources */,
			);
			runOnlyForDeploymentPostprocessing = 0;
		};
/* End PBXSourcesBuildPhase section */

/* Begin PBXVariantGroup section */
		046C885624C792150009EC79 /* Main.storyboard */ = {
			isa = PBXVariantGroup;
			children = (
				046C885724C792150009EC79 /* Base */,
			);
			name = Main.storyboard;
			sourceTree = "<group>";
		};
		046C885B24C792170009EC79 /* LaunchScreen.storyboard */ = {
			isa = PBXVariantGroup;
			children = (
				046C885C24C792170009EC79 /* Base */,
			);
			name = LaunchScreen.storyboard;
			sourceTree = "<group>";
		};
/* End PBXVariantGroup section */

/* Begin XCBuildConfiguration section */
		046C885F24C792170009EC79 /* Debug */ = {
			isa = XCBuildConfiguration;
			buildSettings = {
				ALWAYS_SEARCH_USER_PATHS = NO;
				CLANG_ANALYZER_NONNULL = YES;
				CLANG_ANALYZER_NUMBER_OBJECT_CONVERSION = YES_AGGRESSIVE;
				CLANG_CXX_LANGUAGE_STANDARD = "gnu++14";
				CLANG_CXX_LIBRARY = "libc++";
				CLANG_ENABLE_MODULES = YES;
				CLANG_ENABLE_OBJC_ARC = YES;
				CLANG_ENABLE_OBJC_WEAK = YES;
				CLANG_WARN_BLOCK_CAPTURE_AUTORELEASING = YES;
				CLANG_WARN_BOOL_CONVERSION = YES;
				CLANG_WARN_COMMA = YES;
				CLANG_WARN_CONSTANT_CONVERSION = YES;
				CLANG_WARN_DEPRECATED_OBJC_IMPLEMENTATIONS = YES;
				CLANG_WARN_DIRECT_OBJC_ISA_USAGE = YES_ERROR;
				CLANG_WARN_DOCUMENTATION_COMMENTS = YES;
				CLANG_WARN_EMPTY_BODY = YES;
				CLANG_WARN_ENUM_CONVERSION = YES;
				CLANG_WARN_INFINITE_RECURSION = YES;
				CLANG_WARN_INT_CONVERSION = YES;
				CLANG_WARN_NON_LITERAL_NULL_CONVERSION = YES;
				CLANG_WARN_OBJC_IMPLICIT_RETAIN_SELF = YES;
				CLANG_WARN_OBJC_LITERAL_CONVERSION = YES;
				CLANG_WARN_OBJC_ROOT_CLASS = YES_ERROR;
				CLANG_WARN_RANGE_LOOP_ANALYSIS = YES;
				CLANG_WARN_STRICT_PROTOTYPES = YES;
				CLANG_WARN_SUSPICIOUS_MOVE = YES;
				CLANG_WARN_UNGUARDED_AVAILABILITY = YES_AGGRESSIVE;
				CLANG_WARN_UNREACHABLE_CODE = YES;
				CLANG_WARN__DUPLICATE_METHOD_MATCH = YES;
				COPY_PHASE_STRIP = NO;
				DEBUG_INFORMATION_FORMAT = dwarf;
				ENABLE_STRICT_OBJC_MSGSEND = YES;
				ENABLE_TESTABILITY = YES;
				GCC_C_LANGUAGE_STANDARD = gnu11;
				GCC_DYNAMIC_NO_PIC = NO;
				GCC_NO_COMMON_BLOCKS = YES;
				GCC_OPTIMIZATION_LEVEL = 0;
				GCC_PREPROCESSOR_DEFINITIONS = (
					"DEBUG=1",
					"$(inherited)",
				);
				GCC_WARN_64_TO_32_BIT_CONVERSION = YES;
				GCC_WARN_ABOUT_RETURN_TYPE = YES_ERROR;
				GCC_WARN_UNDECLARED_SELECTOR = YES;
				GCC_WARN_UNINITIALIZED_AUTOS = YES_AGGRESSIVE;
				GCC_WARN_UNUSED_FUNCTION = YES;
				GCC_WARN_UNUSED_VARIABLE = YES;
				IPHONEOS_DEPLOYMENT_TARGET = 13.2;
				MTL_ENABLE_DEBUG_INFO = INCLUDE_SOURCE;
				MTL_FAST_MATH = YES;
				ONLY_ACTIVE_ARCH = YES;
				SDKROOT = iphoneos;
				SWIFT_ACTIVE_COMPILATION_CONDITIONS = DEBUG;
				SWIFT_OPTIMIZATION_LEVEL = "-Onone";
			};
			name = Debug;
		};
		046C886024C792170009EC79 /* Release */ = {
			isa = XCBuildConfiguration;
			buildSettings = {
				ALWAYS_SEARCH_USER_PATHS = NO;
				CLANG_ANALYZER_NONNULL = YES;
				CLANG_ANALYZER_NUMBER_OBJECT_CONVERSION = YES_AGGRESSIVE;
				CLANG_CXX_LANGUAGE_STANDARD = "gnu++14";
				CLANG_CXX_LIBRARY = "libc++";
				CLANG_ENABLE_MODULES = YES;
				CLANG_ENABLE_OBJC_ARC = YES;
				CLANG_ENABLE_OBJC_WEAK = YES;
				CLANG_WARN_BLOCK_CAPTURE_AUTORELEASING = YES;
				CLANG_WARN_BOOL_CONVERSION = YES;
				CLANG_WARN_COMMA = YES;
				CLANG_WARN_CONSTANT_CONVERSION = YES;
				CLANG_WARN_DEPRECATED_OBJC_IMPLEMENTATIONS = YES;
				CLANG_WARN_DIRECT_OBJC_ISA_USAGE = YES_ERROR;
				CLANG_WARN_DOCUMENTATION_COMMENTS = YES;
				CLANG_WARN_EMPTY_BODY = YES;
				CLANG_WARN_ENUM_CONVERSION = YES;
				CLANG_WARN_INFINITE_RECURSION = YES;
				CLANG_WARN_INT_CONVERSION = YES;
				CLANG_WARN_NON_LITERAL_NULL_CONVERSION = YES;
				CLANG_WARN_OBJC_IMPLICIT_RETAIN_SELF = YES;
				CLANG_WARN_OBJC_LITERAL_CONVERSION = YES;
				CLANG_WARN_OBJC_ROOT_CLASS = YES_ERROR;
				CLANG_WARN_RANGE_LOOP_ANALYSIS = YES;
				CLANG_WARN_STRICT_PROTOTYPES = YES;
				CLANG_WARN_SUSPICIOUS_MOVE = YES;
				CLANG_WARN_UNGUARDED_AVAILABILITY = YES_AGGRESSIVE;
				CLANG_WARN_UNREACHABLE_CODE = YES;
				CLANG_WARN__DUPLICATE_METHOD_MATCH = YES;
				COPY_PHASE_STRIP = NO;
				DEBUG_INFORMATION_FORMAT = "dwarf-with-dsym";
				ENABLE_NS_ASSERTIONS = NO;
				ENABLE_STRICT_OBJC_MSGSEND = YES;
				GCC_C_LANGUAGE_STANDARD = gnu11;
				GCC_NO_COMMON_BLOCKS = YES;
				GCC_WARN_64_TO_32_BIT_CONVERSION = YES;
				GCC_WARN_ABOUT_RETURN_TYPE = YES_ERROR;
				GCC_WARN_UNDECLARED_SELECTOR = YES;
				GCC_WARN_UNINITIALIZED_AUTOS = YES_AGGRESSIVE;
				GCC_WARN_UNUSED_FUNCTION = YES;
				GCC_WARN_UNUSED_VARIABLE = YES;
				IPHONEOS_DEPLOYMENT_TARGET = 13.2;
				MTL_ENABLE_DEBUG_INFO = NO;
				MTL_FAST_MATH = YES;
				SDKROOT = iphoneos;
				SWIFT_COMPILATION_MODE = wholemodule;
				SWIFT_OPTIMIZATION_LEVEL = "-O";
				VALIDATE_PRODUCT = YES;
			};
			name = Release;
		};
		046C886224C792170009EC79 /* Debug */ = {
			isa = XCBuildConfiguration;
			buildSettings = {
				ASSETCATALOG_COMPILER_APPICON_NAME = AppIcon;
				CODE_SIGN_STYLE = Automatic;
				DEVELOPMENT_TEAM = F57L8R85FR;
				INFOPLIST_FILE = "youtube-onedaybuild/Info.plist";
				LD_RUNPATH_SEARCH_PATHS = (
					"$(inherited)",
					"@executable_path/Frameworks",
				);
				PRODUCT_BUNDLE_IDENTIFIER = "io.raindas.youtube-onedaybuild";
				PRODUCT_NAME = "$(TARGET_NAME)";
				SWIFT_VERSION = 5.0;
				TARGETED_DEVICE_FAMILY = "1,2";
			};
			name = Debug;
		};
		046C886324C792170009EC79 /* Release */ = {
			isa = XCBuildConfiguration;
			buildSettings = {
				ASSETCATALOG_COMPILER_APPICON_NAME = AppIcon;
				CODE_SIGN_STYLE = Automatic;
				DEVELOPMENT_TEAM = F57L8R85FR;
				INFOPLIST_FILE = "youtube-onedaybuild/Info.plist";
				LD_RUNPATH_SEARCH_PATHS = (
					"$(inherited)",
					"@executable_path/Frameworks",
				);
				PRODUCT_BUNDLE_IDENTIFIER = "io.raindas.youtube-onedaybuild";
				PRODUCT_NAME = "$(TARGET_NAME)";
				SWIFT_VERSION = 5.0;
				TARGETED_DEVICE_FAMILY = "1,2";
			};
			name = Release;
		};
/* End XCBuildConfiguration section */

/* Begin XCConfigurationList section */
		046C884824C792150009EC79 /* Build configuration list for PBXProject "youtube-onedaybuild" */ = {
			isa = XCConfigurationList;
			buildConfigurations = (
				046C885F24C792170009EC79 /* Debug */,
				046C886024C792170009EC79 /* Release */,
			);
			defaultConfigurationIsVisible = 0;
			defaultConfigurationName = Release;
		};
		046C886124C792170009EC79 /* Build configuration list for PBXNativeTarget "youtube-onedaybuild" */ = {
			isa = XCConfigurationList;
			buildConfigurations = (
				046C886224C792170009EC79 /* Debug */,
				046C886324C792170009EC79 /* Release */,
			);
			defaultConfigurationIsVisible = 0;
			defaultConfigurationName = Release;
		};
/* End XCConfigurationList section */
	};
	rootObject = 046C884524C792150009EC79 /* Project object */;
}
